
Microsoft Visual Studio Solution File, Format Version 12.00
# Visual Studio Version 17
VisualStudioVersion = 17.3.32901.215
MinimumVisualStudioVersion = 10.0.40219.1
Project("{FAE04EC0-301F-11D3-BF4B-00C04F79EFBC}") = "Currency Converter", "Currency Converter\Currency Converter.csproj", "{29D42EB2-E414-4543-93E5-A56C83169E51}"
EndProject
Global
	GlobalSection(SolutionConfigurationPlatforms) = preSolution
		Debug|Any CPU = Debug|Any CPU
		Release|Any CPU = Release|Any CPU
	EndGlobalSection
	GlobalSection(ProjectConfigurationPlatforms) = postSolution
		{29D42EB2-E414-4543-93E5-A56C83169E51}.Debug|Any CPU.ActiveCfg = Debug|Any CPU
		{29D42EB2-E414-4543-93E5-A56C83169E51}.Debug|Any CPU.Build.0 = Debug|Any CPU
		{29D42EB2-E414-4543-93E5-A56C83169E51}.Release|Any CPU.ActiveCfg = Release|Any CPU
		{29D42EB2-E414-4543-93E5-A56C83169E51}.Release|Any CPU.Build.0 = Release|Any CPU
	EndGlobalSection
	GlobalSection(SolutionProperties) = preSolution
		HideSolutionNode = FALSE
	EndGlobalSection
	GlobalSection(ExtensibilityGlobals) = postSolution
		SolutionGuid = {32F98A98-5348-405E-8E23-925175666CF1}
	EndGlobalSection
EndGlobal
